
Microsoft Visual Studio Solution File, Format Version 12.00
# Visual Studio 15
VisualStudioVersion = 15.0.28307.421
MinimumVisualStudioVersion = 10.0.40219.1
Project("{FAE04EC0-301F-11D3-BF4B-00C04F79EFBC}") = "Ex55 Recursion", "Ex55 Recursion\Ex55 Recursion.csproj", "{BCC694A6-F151-4C54-95AD-00CBD29C6AFB}"
EndProject
Global
	GlobalSection(SolutionConfigurationPlatforms) = preSolution
		Debug|Any CPU = Debug|Any CPU
		Release|Any CPU = Release|Any CPU
	EndGlobalSection
	GlobalSection(ProjectConfigurationPlatforms) = postSolution
		{BCC694A6-F151-4C54-95AD-00CBD29C6AFB}.Debug|Any CPU.ActiveCfg = Debug|Any CPU
		{BCC694A6-F151-4C54-95AD-00CBD29C6AFB}.Debug|Any CPU.Build.0 = Debug|Any CPU
		{BCC694A6-F151-4C54-95AD-00CBD29C6AFB}.Release|Any CPU.ActiveCfg = Release|Any CPU
		{BCC694A6-F151-4C54-95AD-00CBD29C6AFB}.Release|Any CPU.Build.0 = Release|Any CPU
	EndGlobalSection
	GlobalSection(SolutionProperties) = preSolution
		HideSolutionNode = FALSE
	EndGlobalSection
	GlobalSection(ExtensibilityGlobals) = postSolution
		SolutionGuid = {0BB358DB-5CBA-47C1-A192-BED9A6061385}
	EndGlobalSection
EndGlobal
